
Microsoft Visual Studio Solution File, Format Version 12.00
# Visual Studio Version 17
VisualStudioVersion = 17.0.32126.317
MinimumVisualStudioVersion = 10.0.40219.1
Project("{2150E333-8FDC-42A3-9474-1A3956D46DE8}") = "01 - Nano Types", "01 - Nano Types", "{4331FDD0-0CA5-415F-BA9A-316198867515}"
EndProject
Project("{2150E333-8FDC-42A3-9474-1A3956D46DE8}") = "05 - Tests", "05 - Tests", "{4130EB3A-2DBB-42B9-907E-B351D49152C2}"
EndProject
Project("{2150E333-8FDC-42A3-9474-1A3956D46DE8}") = "02 - Nano Instances", "02 - Nano Instances", "{1901521C-35CD-4A3F-A157-DEF90099B11E}"
EndProject
Project("{9A19103F-16F7-4668-BE54-9A1E7A4F7556}") = "Splinter.NanoTypes", "Splinter.NanoTypes\Splinter.NanoTypes.csproj", "{0E7162B4-4215-46BA-B2EE-91A0B4F5FB4D}"
EndProject
Project("{9A19103F-16F7-4668-BE54-9A1E7A4F7556}") = "Splinter.NanoInstances", "Splinter.NanoInstances\Splinter.NanoInstances.csproj", "{6131F53E-6ED2-4A77-9FF2-A3FA5D10E27B}"
EndProject
Project("{9A19103F-16F7-4668-BE54-9A1E7A4F7556}") = "Splinter.NanoInstances.Tests", "Splinter.NanoInstances.Tests\Splinter.NanoInstances.Tests.csproj", "{B7BE0CC5-E22E-458A-9467-E2BFC9C3C503}"
EndProject
Project("{9A19103F-16F7-4668-BE54-9A1E7A4F7556}") = "Splinter.NanoInstances.Database", "Splinter.NanoInstances.Database\Splinter.NanoInstances.Database.csproj", "{45D7D034-9595-4DE9-AE4F-379E3CD8B4F6}"
EndProject
Project("{9A19103F-16F7-4668-BE54-9A1E7A4F7556}") = "Splinter.NanoInstances.Default", "Splinter.NanoInstances.Default\Splinter.NanoInstances.Default.csproj", "{9C661221-13A0-4FC7-B5DB-D7C454AD4994}"
EndProject
Project("{9A19103F-16F7-4668-BE54-9A1E7A4F7556}") = "Splinter.NanoTypes.Default", "Splinter.NanoTypes.Default\Splinter.NanoTypes.Default.csproj", "{FE763490-6336-4C4E-ABF7-2715E8DED126}"
EndProject
Project("{9A19103F-16F7-4668-BE54-9A1E7A4F7556}") = "Splinter.NanoInstances.Default.Tests", "Splinter.NanoInstances.Default.Tests\Splinter.NanoInstances.Default.Tests.csproj", "{6899655D-A6A4-42D4-83F5-F248CC18057A}"
EndProject
Project("{9A19103F-16F7-4668-BE54-9A1E7A4F7556}") = "Splinter.NanoTypes.Database", "Splinter.NanoTypes.Database\Splinter.NanoTypes.Database.csproj", "{F073FB79-3109-418F-9813-BA0C3F50EC7B}"
EndProject
Project("{2150E333-8FDC-42A3-9474-1A3956D46DE8}") = "03 - Bootstrap", "03 - Bootstrap", "{B18D1A09-E5EE-408B-BBB5-7C7BCFE32133}"
EndProject
Project("{9A19103F-16F7-4668-BE54-9A1E7A4F7556}") = "Splinter.Bootstrap", "Splinter.Bootstrap\Splinter.Bootstrap.csproj", "{F1359C94-97F7-43F9-98F7-B65862EFABE9}"
EndProject
Project("{2150E333-8FDC-42A3-9474-1A3956D46DE8}") = "04 - Applications", "04 - Applications", "{F2D7661E-3B58-40FA-A02B-B764F8EC50A9}"
EndProject
Project("{9A19103F-16F7-4668-BE54-9A1E7A4F7556}") = "Splinter.Applications.Test", "Splinter.Applications.Test\Splinter.Applications.Test.csproj", "{5487D582-C8BC-4B91-AE14-9E8865F39116}"
EndProject
Project("{9A19103F-16F7-4668-BE54-9A1E7A4F7556}") = "Splinter.NanoInstances.Database.Tests", "Splinter.NanoInstances.Database.Tests\Splinter.NanoInstances.Database.Tests.csproj", "{DF6BE592-A3F9-4060-B9AC-782354FCCE63}"
EndProject
Project("{2150E333-8FDC-42A3-9474-1A3956D46DE8}") = "06 - Nuget", "06 - Nuget", "{A7DAD419-DB51-4D06-814C-236D5B95DC3E}"
EndProject
Project("{FAE04EC0-301F-11D3-BF4B-00C04F79EFBC}") = "Splinter.Nuget.Default", "Splinter.Nuget.Default\Splinter.Nuget.Default.csproj", "{5FB45918-7F30-4196-B9C3-EC0383E17860}"
EndProject
Global
	GlobalSection(SolutionConfigurationPlatforms) = preSolution
		Debug|Any CPU = Debug|Any CPU
		Release|Any CPU = Release|Any CPU
	EndGlobalSection
	GlobalSection(ProjectConfigurationPlatforms) = postSolution
		{0E7162B4-4215-46BA-B2EE-91A0B4F5FB4D}.Debug|Any CPU.ActiveCfg = Debug|Any CPU
		{0E7162B4-4215-46BA-B2EE-91A0B4F5FB4D}.Debug|Any CPU.Build.0 = Debug|Any CPU
		{0E7162B4-4215-46BA-B2EE-91A0B4F5FB4D}.Release|Any CPU.ActiveCfg = Release|Any CPU
		{0E7162B4-4215-46BA-B2EE-91A0B4F5FB4D}.Release|Any CPU.Build.0 = Release|Any CPU
		{6131F53E-6ED2-4A77-9FF2-A3FA5D10E27B}.Debug|Any CPU.ActiveCfg = Debug|Any CPU
		{6131F53E-6ED2-4A77-9FF2-A3FA5D10E27B}.Debug|Any CPU.Build.0 = Debug|Any CPU
		{6131F53E-6ED2-4A77-9FF2-A3FA5D10E27B}.Release|Any CPU.ActiveCfg = Release|Any CPU
		{6131F53E-6ED2-4A77-9FF2-A3FA5D10E27B}.Release|Any CPU.Build.0 = Release|Any CPU
		{B7BE0CC5-E22E-458A-9467-E2BFC9C3C503}.Debug|Any CPU.ActiveCfg = Debug|Any CPU
		{B7BE0CC5-E22E-458A-9467-E2BFC9C3C503}.Debug|Any CPU.Build.0 = Debug|Any CPU
		{B7BE0CC5-E22E-458A-9467-E2BFC9C3C503}.Release|Any CPU.ActiveCfg = Release|Any CPU
		{B7BE0CC5-E22E-458A-9467-E2BFC9C3C503}.Release|Any CPU.Build.0 = Release|Any CPU
		{45D7D034-9595-4DE9-AE4F-379E3CD8B4F6}.Debug|Any CPU.ActiveCfg = Debug|Any CPU
		{45D7D034-9595-4DE9-AE4F-379E3CD8B4F6}.Debug|Any CPU.Build.0 = Debug|Any CPU
		{45D7D034-9595-4DE9-AE4F-379E3CD8B4F6}.Release|Any CPU.ActiveCfg = Release|Any CPU
		{45D7D034-9595-4DE9-AE4F-379E3CD8B4F6}.Release|Any CPU.Build.0 = Release|Any CPU
		{9C661221-13A0-4FC7-B5DB-D7C454AD4994}.Debug|Any CPU.ActiveCfg = Debug|Any CPU
		{9C661221-13A0-4FC7-B5DB-D7C454AD4994}.Debug|Any CPU.Build.0 = Debug|Any CPU
		{9C661221-13A0-4FC7-B5DB-D7C454AD4994}.Release|Any CPU.ActiveCfg = Release|Any CPU
		{9C661221-13A0-4FC7-B5DB-D7C454AD4994}.Release|Any CPU.Build.0 = Release|Any CPU
		{FE763490-6336-4C4E-ABF7-2715E8DED126}.Debug|Any CPU.ActiveCfg = Debug|Any CPU
		{FE763490-6336-4C4E-ABF7-2715E8DED126}.Debug|Any CPU.Build.0 = Debug|Any CPU
		{FE763490-6336-4C4E-ABF7-2715E8DED126}.Release|Any CPU.ActiveCfg = Release|Any CPU
		{FE763490-6336-4C4E-ABF7-2715E8DED126}.Release|Any CPU.Build.0 = Release|Any CPU
		{6899655D-A6A4-42D4-83F5-F248CC18057A}.Debug|Any CPU.ActiveCfg = Debug|Any CPU
		{6899655D-A6A4-42D4-83F5-F248CC18057A}.Debug|Any CPU.Build.0 = Debug|Any CPU
		{6899655D-A6A4-42D4-83F5-F248CC18057A}.Release|Any CPU.ActiveCfg = Release|Any CPU
		{6899655D-A6A4-42D4-83F5-F248CC18057A}.Release|Any CPU.Build.0 = Release|Any CPU
		{F073FB79-3109-418F-9813-BA0C3F50EC7B}.Debug|Any CPU.ActiveCfg = Debug|Any CPU
		{F073FB79-3109-418F-9813-BA0C3F50EC7B}.Debug|Any CPU.Build.0 = Debug|Any CPU
		{F073FB79-3109-418F-9813-BA0C3F50EC7B}.Release|Any CPU.ActiveCfg = Release|Any CPU
		{F073FB79-3109-418F-9813-BA0C3F50EC7B}.Release|Any CPU.Build.0 = Release|Any CPU
		{F1359C94-97F7-43F9-98F7-B65862EFABE9}.Debug|Any CPU.ActiveCfg = Debug|Any CPU
		{F1359C94-97F7-43F9-98F7-B65862EFABE9}.Debug|Any CPU.Build.0 = Debug|Any CPU
		{F1359C94-97F7-43F9-98F7-B65862EFABE9}.Release|Any CPU.ActiveCfg = Release|Any CPU
		{F1359C94-97F7-43F9-98F7-B65862EFABE9}.Release|Any CPU.Build.0 = Release|Any CPU
		{5487D582-C8BC-4B91-AE14-9E8865F39116}.Debug|Any CPU.ActiveCfg = Debug|Any CPU
		{5487D582-C8BC-4B91-AE14-9E8865F39116}.Debug|Any CPU.Build.0 = Debug|Any CPU
		{5487D582-C8BC-4B91-AE14-9E8865F39116}.Release|Any CPU.ActiveCfg = Release|Any CPU
		{5487D582-C8BC-4B91-AE14-9E8865F39116}.Release|Any CPU.Build.0 = Release|Any CPU
		{DF6BE592-A3F9-4060-B9AC-782354FCCE63}.Debug|Any CPU.ActiveCfg = Debug|Any CPU
		{DF6BE592-A3F9-4060-B9AC-782354FCCE63}.Debug|Any CPU.Build.0 = Debug|Any CPU
		{DF6BE592-A3F9-4060-B9AC-782354FCCE63}.Release|Any CPU.ActiveCfg = Release|Any CPU
		{DF6BE592-A3F9-4060-B9AC-782354FCCE63}.Release|Any CPU.Build.0 = Release|Any CPU
		{5FB45918-7F30-4196-B9C3-EC0383E17860}.Debug|Any CPU.ActiveCfg = Debug|Any CPU
		{5FB45918-7F30-4196-B9C3-EC0383E17860}.Debug|Any CPU.Build.0 = Debug|Any CPU
		{5FB45918-7F30-4196-B9C3-EC0383E17860}.Release|Any CPU.ActiveCfg = Release|Any CPU
		{5FB45918-7F30-4196-B9C3-EC0383E17860}.Release|Any CPU.Build.0 = Release|Any CPU
	EndGlobalSection
	GlobalSection(SolutionProperties) = preSolution
		HideSolutionNode = FALSE
	EndGlobalSection
	GlobalSection(NestedProjects) = preSolution
		{0E7162B4-4215-46BA-B2EE-91A0B4F5FB4D} = {4331FDD0-0CA5-415F-BA9A-316198867515}
		{6131F53E-6ED2-4A77-9FF2-A3FA5D10E27B} = {1901521C-35CD-4A3F-A157-DEF90099B11E}
		{B7BE0CC5-E22E-458A-9467-E2BFC9C3C503} = {4130EB3A-2DBB-42B9-907E-B351D49152C2}
		{45D7D034-9595-4DE9-AE4F-379E3CD8B4F6} = {1901521C-35CD-4A3F-A157-DEF90099B11E}
		{9C661221-13A0-4FC7-B5DB-D7C454AD4994} = {1901521C-35CD-4A3F-A157-DEF90099B11E}
		{FE763490-6336-4C4E-ABF7-2715E8DED126} = {4331FDD0-0CA5-415F-BA9A-316198867515}
		{6899655D-A6A4-42D4-83F5-F248CC18057A} = {4130EB3A-2DBB-42B9-907E-B351D49152C2}
		{F073FB79-3109-418F-9813-BA0C3F50EC7B} = {4331FDD0-0CA5-415F-BA9A-316198867515}
		{F1359C94-97F7-43F9-98F7-B65862EFABE9} = {B18D1A09-E5EE-408B-BBB5-7C7BCFE32133}
		{5487D582-C8BC-4B91-AE14-9E8865F39116} = {F2D7661E-3B58-40FA-A02B-B764F8EC50A9}
		{DF6BE592-A3F9-4060-B9AC-782354FCCE63} = {4130EB3A-2DBB-42B9-907E-B351D49152C2}
		{5FB45918-7F30-4196-B9C3-EC0383E17860} = {A7DAD419-DB51-4D06-814C-236D5B95DC3E}
	EndGlobalSection
	GlobalSection(ExtensibilityGlobals) = postSolution
		SolutionGuid = {4E907BD8-4490-4110-AAD0-7C1C3E0F3768}
	EndGlobalSection
EndGlobal
